
Microsoft Visual Studio Solution File, Format Version 12.00
# Visual Studio Version 17
VisualStudioVersion = 17.8.34511.84
MinimumVisualStudioVersion = 10.0.40219.1
Project("{FAE04EC0-301F-11D3-BF4B-00C04F79EFBC}") = "Rew_Zaksieguj", "Rew_Zaksieguj.csproj", "{A22F4A89-C23D-4F90-915D-A29BFC235170}"
EndProject
Global
	GlobalSection(SolutionConfigurationPlatforms) = preSolution
		Debug|Any CPU = Debug|Any CPU
		Release|Any CPU = Release|Any CPU
	EndGlobalSection
	GlobalSection(ProjectConfigurationPlatforms) = postSolution
		{A22F4A89-C23D-4F90-915D-A29BFC235170}.Debug|Any CPU.ActiveCfg = Debug|Any CPU
		{A22F4A89-C23D-4F90-915D-A29BFC235170}.Debug|Any CPU.Build.0 = Debug|Any CPU
		{A22F4A89-C23D-4F90-915D-A29BFC235170}.Release|Any CPU.ActiveCfg = Release|Any CPU
		{A22F4A89-C23D-4F90-915D-A29BFC235170}.Release|Any CPU.Build.0 = Release|Any CPU
	EndGlobalSection
	GlobalSection(SolutionProperties) = preSolution
		HideSolutionNode = FALSE
	EndGlobalSection
	GlobalSection(ExtensibilityGlobals) = postSolution
		SolutionGuid = {49C49BD6-F57F-482E-939A-BBD8E72A07D6}
	EndGlobalSection
EndGlobal
